{
  "requires": true,
  "lockfileVersion": 1,
  "dependencies": {
    "load": {
      "version": "1.0.2",
      "resolved": "https://registry.npmjs.org/load/-/load-1.0.2.tgz",
      "integrity": "sha512-TvoiRi3inf1SBndL7P7l6i+cVSsRyLXiy0Va6F/TDf704UOeJxs5j/HmvE7bW32u4wEZg8PjLa/PfYN8NzuDyQ=="
    }
  }
}
